
Microsoft Visual Studio Solution File, Format Version 12.00
# Visual Studio Version 17
VisualStudioVersion = 17.3.32929.385
MinimumVisualStudioVersion = 10.0.40219.1
Project("{8BC9CEB8-8B4A-11D0-8D11-00A0C91BC942}") = "Track Bars", "Track Bars\Track Bars.vcxproj", "{C5508F65-AFEF-47FD-A984-63DB5A5C012F}"
EndProject
Global
	GlobalSection(SolutionConfigurationPlatforms) = preSolution
		Debug|x64 = Debug|x64
		Debug|x86 = Debug|x86
		Release|x64 = Release|x64
		Release|x86 = Release|x86
	EndGlobalSection
	GlobalSection(ProjectConfigurationPlatforms) = postSolution
		{C5508F65-AFEF-47FD-A984-63DB5A5C012F}.Debug|x64.ActiveCfg = Debug|x64
		{C5508F65-AFEF-47FD-A984-63DB5A5C012F}.Debug|x64.Build.0 = Debug|x64
		{C5508F65-AFEF-47FD-A984-63DB5A5C012F}.Debug|x86.ActiveCfg = Debug|Win32
		{C5508F65-AFEF-47FD-A984-63DB5A5C012F}.Debug|x86.Build.0 = Debug|Win32
		{C5508F65-AFEF-47FD-A984-63DB5A5C012F}.Release|x64.ActiveCfg = Release|x64
		{C5508F65-AFEF-47FD-A984-63DB5A5C012F}.Release|x64.Build.0 = Release|x64
		{C5508F65-AFEF-47FD-A984-63DB5A5C012F}.Release|x86.ActiveCfg = Release|Win32
		{C5508F65-AFEF-47FD-A984-63DB5A5C012F}.Release|x86.Build.0 = Release|Win32
	EndGlobalSection
	GlobalSection(SolutionProperties) = preSolution
		HideSolutionNode = FALSE
	EndGlobalSection
	GlobalSection(ExtensibilityGlobals) = postSolution
		SolutionGuid = {5CE3BCF5-06A1-481E-B35C-AD1F07C1EAAE}
	EndGlobalSection
EndGlobal
